Microsoft Visual Studio Solution File, Format Version 12.00
# Visual Studio 2012
Project("{FAE04EC0-301F-11D3-BF4B-00C04F79EFBC}") = "SaveOurShip", "SaveOurShip.csproj", "{02AE272D-DDCD-4F81-B223-F39A96309219}"
EndProject
Global
	GlobalSection(SolutionConfigurationPlatforms) = preSolution
	Debug|Any CPU = Debug|Any CPU
	ExportDebug|Any CPU = ExportDebug|Any CPU
	ExportRelease|Any CPU = ExportRelease|Any CPU
	EndGlobalSection
	GlobalSection(ProjectConfigurationPlatforms) = postSolution
		{02AE272D-DDCD-4F81-B223-F39A96309219}.Debug|Any CPU.ActiveCfg = Debug|Any CPU
		{02AE272D-DDCD-4F81-B223-F39A96309219}.Debug|Any CPU.Build.0 = Debug|Any CPU
		{02AE272D-DDCD-4F81-B223-F39A96309219}.ExportDebug|Any CPU.ActiveCfg = ExportDebug|Any CPU
		{02AE272D-DDCD-4F81-B223-F39A96309219}.ExportDebug|Any CPU.Build.0 = ExportDebug|Any CPU
		{02AE272D-DDCD-4F81-B223-F39A96309219}.ExportRelease|Any CPU.ActiveCfg = ExportRelease|Any CPU
		{02AE272D-DDCD-4F81-B223-F39A96309219}.ExportRelease|Any CPU.Build.0 = ExportRelease|Any CPU
	EndGlobalSection
EndGlobal
